
Microsoft Visual Studio Solution File, Format Version 12.00
# Visual Studio Version 16
VisualStudioVersion = 16.0.29613.14
MinimumVisualStudioVersion = 10.0.40219.1
Project("{FAE04EC0-301F-11D3-BF4B-00C04F79EFBC}") = "Project", "Project\Project.csproj", "{389C9C49-38DA-49FB-AE54-581ACDEF6857}"
EndProject
Global
	GlobalSection(SolutionConfigurationPlatforms) = preSolution
		Debug|Any CPU = Debug|Any CPU
		Release|Any CPU = Release|Any CPU
	EndGlobalSection
	GlobalSection(ProjectConfigurationPlatforms) = postSolution
		{389C9C49-38DA-49FB-AE54-581ACDEF6857}.Debug|Any CPU.ActiveCfg = Debug|Any CPU
		{389C9C49-38DA-49FB-AE54-581ACDEF6857}.Debug|Any CPU.Build.0 = Debug|Any CPU
		{389C9C49-38DA-49FB-AE54-581ACDEF6857}.Release|Any CPU.ActiveCfg = Release|Any CPU
		{389C9C49-38DA-49FB-AE54-581ACDEF6857}.Release|Any CPU.Build.0 = Release|Any CPU
	EndGlobalSection
	GlobalSection(SolutionProperties) = preSolution
		HideSolutionNode = FALSE
	EndGlobalSection
	GlobalSection(ExtensibilityGlobals) = postSolution
		SolutionGuid = {17ACA099-942C-402D-8F69-915981F40ABF}
	EndGlobalSection
EndGlobal
